{
    "requires": true,
    "lockfileVersion": 1,
    "dependencies": {
        "foundation-datepicker": {
            "version": "1.5.6",
            "resolved": "https://registry.npmjs.org/foundation-datepicker/-/foundation-datepicker-1.5.6.tgz",
            "integrity": "sha1-bciR8/ZCICghn3QoTRaEVIqMpL8="
        }
    }
}
